// !$*UTF8*$!
{
	archiveVersion = 1;
	classes = {
	};
	objectVersion = 50;
	objects = {

/* Begin PBXBuildFile section */
		731CE54F2221606800CAC9E5 /* SCNMaterial+Extensions.swift in Sources */ = {isa = PBXBuildFile; fileRef = 731CE54E2221606800CAC9E5 /* SCNMaterial+Extensions.swift */; };
		733B156B2222D3280083E5FE /* ClickCubeNodeTests.swift in Sources */ = {isa = PBXBuildFile; fileRef = 733B156A2222D3280083E5FE /* ClickCubeNodeTests.swift */; };
		73535013221E825C00065E06 /* AppDelegate.swift in Sources */ = {isa = PBXBuildFile; fileRef = 73535012221E825C00065E06 /* AppDelegate.swift */; };
		73535015221E825C00065E06 /* art.scnassets in Resources */ = {isa = PBXBuildFile; fileRef = 73535014221E825C00065E06 /* art.scnassets */; };
		73535017221E825C00065E06 /* ViewController.swift in Sources */ = {isa = PBXBuildFile; fileRef = 73535016221E825C00065E06 /* ViewController.swift */; };
		7353501A221E825C00065E06 /* Main.storyboard in Resources */ = {isa = PBXBuildFile; fileRef = 73535018221E825C00065E06 /* Main.storyboard */; };
		7353501C221E825D00065E06 /* Assets.xcassets in Resources */ = {isa = PBXBuildFile; fileRef = 7353501B221E825D00065E06 /* Assets.xcassets */; };
		7353501F221E825D00065E06 /* LaunchScreen.storyboard in Resources */ = {isa = PBXBuildFile; fileRef = 7353501D221E825D00065E06 /* LaunchScreen.storyboard */; };
		73535035221E825D00065E06 /* AR_Click_CubesUITests.swift in Sources */ = {isa = PBXBuildFile; fileRef = 73535034221E825D00065E06 /* AR_Click_CubesUITests.swift */; };
		7395FD482222A00C005357F2 /* ViewController+Extensions.swift in Sources */ = {isa = PBXBuildFile; fileRef = 7395FD472222A00C005357F2 /* ViewController+Extensions.swift */; };
		73CB1549221E924F00D28E6E /* ClickCubeSceneManager.swift in Sources */ = {isa = PBXBuildFile; fileRef = 73CB1548221E924F00D28E6E /* ClickCubeSceneManager.swift */; };
		73CB154C221E984200D28E6E /* ClickCubeNode.swift in Sources */ = {isa = PBXBuildFile; fileRef = 73CB154B221E984200D28E6E /* ClickCubeNode.swift */; };
		73CB154E221E9ECD00D28E6E /* ClickCubeScene.swift in Sources */ = {isa = PBXBuildFile; fileRef = 73CB154D221E9ECD00D28E6E /* ClickCubeScene.swift */; };
/* End PBXBuildFile section */

/* Begin PBXContainerItemProxy section */
		73535026221E825D00065E06 /* PBXContainerItemProxy */ = {
			isa = PBXContainerItemProxy;
			containerPortal = 73535007221E825C00065E06 /* Project object */;
			proxyType = 1;
			remoteGlobalIDString = 7353500E221E825C00065E06;
			remoteInfo = "AR Click Cubes";
		};
		73535031221E825D00065E06 /* PBXContainerItemProxy */ = {
			isa = PBXContainerItemProxy;
			containerPortal = 73535007221E825C00065E06 /* Project object */;
			proxyType = 1;
			remoteGlobalIDString = 7353500E221E825C00065E06;
			remoteInfo = "AR Click Cubes";
		};
/* End PBXContainerItemProxy section */

/* Begin PBXFileReference section */
		731CE54E2221606800CAC9E5 /* SCNMaterial+Extensions.swift */ = {isa = PBXFileReference; lastKnownFileType = sourcecode.swift; path = "SCNMaterial+Extensions.swift"; sourceTree = "<group>"; };
		733B156A2222D3280083E5FE /* ClickCubeNodeTests.swift */ = {isa = PBXFileReference; lastKnownFileType = sourcecode.swift; path = ClickCubeNodeTests.swift; sourceTree = "<group>"; };
		7353500F221E825C00065E06 /* AR Click Cubes.app */ = {isa = PBXFileReference; explicitFileType = wrapper.application; includeInIndex = 0; path = "AR Click Cubes.app"; sourceTree = BUILT_PRODUCTS_DIR; };
		73535012221E825C00065E06 /* AppDelegate.swift */ = {isa = PBXFileReference; lastKnownFileType = sourcecode.swift; path = AppDelegate.swift; sourceTree = "<group>"; };
		73535014221E825C00065E06 /* art.scnassets */ = {isa = PBXFileReference; lastKnownFileType = wrapper.scnassets; path = art.scnassets; sourceTree = "<group>"; };
		73535016221E825C00065E06 /* ViewController.swift */ = {isa = PBXFileReference; lastKnownFileType = sourcecode.swift; path = ViewController.swift; sourceTree = "<group>"; };
		73535019221E825C00065E06 /* Base */ = {isa = PBXFileReference; lastKnownFileType = file.storyboard; name = Base; path = Base.lproj/Main.storyboard; sourceTree = "<group>"; };
		7353501B221E825D00065E06 /* Assets.xcassets */ = {isa = PBXFileReference; lastKnownFileType = folder.assetcatalog; path = Assets.xcassets; sourceTree = "<group>"; };
		7353501E221E825D00065E06 /* Base */ = {isa = PBXFileReference; lastKnownFileType = file.storyboard; name = Base; path = Base.lproj/LaunchScreen.storyboard; sourceTree = "<group>"; };
		73535020221E825D00065E06 /* Info.plist */ = {isa = PBXFileReference; lastKnownFileType = text.plist.xml; path = Info.plist; sourceTree = "<group>"; };
		73535025221E825D00065E06 /* AR Click CubesTests.xctest */ = {isa = PBXFileReference; explicitFileType = wrapper.cfbundle; includeInIndex = 0; path = "AR Click CubesTests.xctest"; sourceTree = BUILT_PRODUCTS_DIR; };
		7353502B221E825D00065E06 /* Info.plist */ = {isa = PBXFileReference; lastKnownFileType = text.plist.xml; path = Info.plist; sourceTree = "<group>"; };
		73535030221E825D00065E06 /* AR Click CubesUITests.xctest */ = {isa = PBXFileReference; explicitFileType = wrapper.cfbundle; includeInIndex = 0; path = "AR Click CubesUITests.xctest"; sourceTree = BUILT_PRODUCTS_DIR; };
		73535034221E825D00065E06 /* AR_Click_CubesUITests.swift */ = {isa = PBXFileReference; lastKnownFileType = sourcecode.swift; path = AR_Click_CubesUITests.swift; sourceTree = "<group>"; };
		73535036221E825D00065E06 /* Info.plist */ = {isa = PBXFileReference; lastKnownFileType = text.plist.xml; path = Info.plist; sourceTree = "<group>"; };
		7395FD472222A00C005357F2 /* ViewController+Extensions.swift */ = {isa = PBXFileReference; lastKnownFileType = sourcecode.swift; path = "ViewController+Extensions.swift"; sourceTree = "<group>"; };
		73CB1548221E924F00D28E6E /* ClickCubeSceneManager.swift */ = {isa = PBXFileReference; lastKnownFileType = sourcecode.swift; path = ClickCubeSceneManager.swift; sourceTree = "<group>"; };
		73CB154B221E984200D28E6E /* ClickCubeNode.swift */ = {isa = PBXFileReference; lastKnownFileType = sourcecode.swift; path = ClickCubeNode.swift; sourceTree = "<group>"; };
		73CB154D221E9ECD00D28E6E /* ClickCubeScene.swift */ = {isa = PBXFileReference; lastKnownFileType = sourcecode.swift; path = ClickCubeScene.swift; sourceTree = "<group>"; };
/* End PBXFileReference section */

/* Begin PBXFrameworksBuildPhase section */
		7353500C221E825C00065E06 /* Frameworks */ = {
			isa = PBXFrameworksBuildPhase;
			buildActionMask = 2147483647;
			files = (
			);
			runOnlyForDeploymentPostprocessing = 0;
		};
		73535022221E825D00065E06 /* Frameworks */ = {
			isa = PBXFrameworksBuildPhase;
			buildActionMask = 2147483647;
			files = (
			);
			runOnlyForDeploymentPostprocessing = 0;
		};
		7353502D221E825D00065E06 /* Frameworks */ = {
			isa = PBXFrameworksBuildPhase;
			buildActionMask = 2147483647;
			files = (
			);
			runOnlyForDeploymentPostprocessing = 0;
		};
/* End PBXFrameworksBuildPhase section */

/* Begin PBXGroup section */
		73535006221E825C00065E06 = {
			isa = PBXGroup;
			children = (
				73535011221E825C00065E06 /* AR Click Cubes */,
				73535028221E825D00065E06 /* AR Click CubesTests */,
				73535033221E825D00065E06 /* AR Click CubesUITests */,
				73535010221E825C00065E06 /* Products */,
			);
			sourceTree = "<group>";
		};
		73535010221E825C00065E06 /* Products */ = {
			isa = PBXGroup;
			children = (
				7353500F221E825C00065E06 /* AR Click Cubes.app */,
				73535025221E825D00065E06 /* AR Click CubesTests.xctest */,
				73535030221E825D00065E06 /* AR Click CubesUITests.xctest */,
			);
			name = Products;
			sourceTree = "<group>";
		};
		73535011221E825C00065E06 /* AR Click Cubes */ = {
			isa = PBXGroup;
			children = (
				73CB1547221E920B00D28E6E /* Scenes */,
				73CB154A221E97DB00D28E6E /* SceneNodes */,
				73CB1546221E918400D28E6E /* Utils */,
				73CB1545221E914800D28E6E /* Controllers */,
				73CB1544221E914000D28E6E /* Models */,
				73CB1543221E913400D28E6E /* Views */,
				73535012221E825C00065E06 /* AppDelegate.swift */,
				73535014221E825C00065E06 /* art.scnassets */,
				7353501B221E825D00065E06 /* Assets.xcassets */,
				73535020221E825D00065E06 /* Info.plist */,
			);
			path = "AR Click Cubes";
			sourceTree = "<group>";
		};
		73535028221E825D00065E06 /* AR Click CubesTests */ = {
			isa = PBXGroup;
			children = (
				7353502B221E825D00065E06 /* Info.plist */,
				733B156A2222D3280083E5FE /* ClickCubeNodeTests.swift */,
			);
			path = "AR Click CubesTests";
			sourceTree = "<group>";
		};
		73535033221E825D00065E06 /* AR Click CubesUITests */ = {
			isa = PBXGroup;
			children = (
				73535034221E825D00065E06 /* AR_Click_CubesUITests.swift */,
				73535036221E825D00065E06 /* Info.plist */,
			);
			path = "AR Click CubesUITests";
			sourceTree = "<group>";
		};
		73CB1543221E913400D28E6E /* Views */ = {
			isa = PBXGroup;
			children = (
				73535018221E825C00065E06 /* Main.storyboard */,
				7353501D221E825D00065E06 /* LaunchScreen.storyboard */,
			);
			path = Views;
			sourceTree = "<group>";
		};
		73CB1544221E914000D28E6E /* Models */ = {
			isa = PBXGroup;
			children = (
			);
			path = Models;
			sourceTree = "<group>";
		};
		73CB1545221E914800D28E6E /* Controllers */ = {
			isa = PBXGroup;
			children = (
				73535016221E825C00065E06 /* ViewController.swift */,
			);
			path = Controllers;
			sourceTree = "<group>";
		};
		73CB1546221E918400D28E6E /* Utils */ = {
			isa = PBXGroup;
			children = (
				731CE54E2221606800CAC9E5 /* SCNMaterial+Extensions.swift */,
				7395FD472222A00C005357F2 /* ViewController+Extensions.swift */,
			);
			path = Utils;
			sourceTree = "<group>";
		};
		73CB1547221E920B00D28E6E /* Scenes */ = {
			isa = PBXGroup;
			children = (
				73CB1548221E924F00D28E6E /* ClickCubeSceneManager.swift */,
				73CB154D221E9ECD00D28E6E /* ClickCubeScene.swift */,
			);
			path = Scenes;
			sourceTree = "<group>";
		};
		73CB154A221E97DB00D28E6E /* SceneNodes */ = {
			isa = PBXGroup;
			children = (
				73CB154B221E984200D28E6E /* ClickCubeNode.swift */,
			);
			path = SceneNodes;
			sourceTree = "<group>";
		};
/* End PBXGroup section */

/* Begin PBXNativeTarget section */
		7353500E221E825C00065E06 /* AR Click Cubes */ = {
			isa = PBXNativeTarget;
			buildConfigurationList = 73535039221E825D00065E06 /* Build configuration list for PBXNativeTarget "AR Click Cubes" */;
			buildPhases = (
				7353500B221E825C00065E06 /* Sources */,
				7353500C221E825C00065E06 /* Frameworks */,
				7353500D221E825C00065E06 /* Resources */,
			);
			buildRules = (
			);
			dependencies = (
			);
			name = "AR Click Cubes";
			productName = "AR Click Cubes";
			productReference = 7353500F221E825C00065E06 /* AR Click Cubes.app */;
			productType = "com.apple.product-type.application";
		};
		73535024221E825D00065E06 /* AR Click CubesTests */ = {
			isa = PBXNativeTarget;
			buildConfigurationList = 7353503C221E825D00065E06 /* Build configuration list for PBXNativeTarget "AR Click CubesTests" */;
			buildPhases = (
				73535021221E825D00065E06 /* Sources */,
				73535022221E825D00065E06 /* Frameworks */,
				73535023221E825D00065E06 /* Resources */,
			);
			buildRules = (
			);
			dependencies = (
				73535027221E825D00065E06 /* PBXTargetDependency */,
			);
			name = "AR Click CubesTests";
			productName = "AR Click CubesTests";
			productReference = 73535025221E825D00065E06 /* AR Click CubesTests.xctest */;
			productType = "com.apple.product-type.bundle.unit-test";
		};
		7353502F221E825D00065E06 /* AR Click CubesUITests */ = {
			isa = PBXNativeTarget;
			buildConfigurationList = 7353503F221E825D00065E06 /* Build configuration list for PBXNativeTarget "AR Click CubesUITests" */;
			buildPhases = (
				7353502C221E825D00065E06 /* Sources */,
				7353502D221E825D00065E06 /* Frameworks */,
				7353502E221E825D00065E06 /* Resources */,
			);
			buildRules = (
			);
			dependencies = (
				73535032221E825D00065E06 /* PBXTargetDependency */,
			);
			name = "AR Click CubesUITests";
			productName = "AR Click CubesUITests";
			productReference = 73535030221E825D00065E06 /* AR Click CubesUITests.xctest */;
			productType = "com.apple.product-type.bundle.ui-testing";
		};
/* End PBXNativeTarget section */

/* Begin PBXProject section */
		73535007221E825C00065E06 /* Project object */ = {
			isa = PBXProject;
			attributes = {
				LastSwiftUpdateCheck = 1010;
				LastUpgradeCheck = 1010;
				ORGANIZATIONNAME = "Lawrence Nickerson";
				TargetAttributes = {
					7353500E221E825C00065E06 = {
						CreatedOnToolsVersion = 10.1;
					};
					73535024221E825D00065E06 = {
						CreatedOnToolsVersion = 10.1;
						TestTargetID = 7353500E221E825C00065E06;
					};
					7353502F221E825D00065E06 = {
						CreatedOnToolsVersion = 10.1;
						TestTargetID = 7353500E221E825C00065E06;
					};
				};
			};
			buildConfigurationList = 7353500A221E825C00065E06 /* Build configuration list for PBXProject "AR Click Cubes" */;
			compatibilityVersion = "Xcode 9.3";
			developmentRegion = en;
			hasScannedForEncodings = 0;
			knownRegions = (
				en,
				Base,
			);
			mainGroup = 73535006221E825C00065E06;
			productRefGroup = 73535010221E825C00065E06 /* Products */;
			projectDirPath = "";
			projectRoot = "";
			targets = (
				7353500E221E825C00065E06 /* AR Click Cubes */,
				73535024221E825D00065E06 /* AR Click CubesTests */,
				7353502F221E825D00065E06 /* AR Click CubesUITests */,
			);
		};
/* End PBXProject section */

/* Begin PBXResourcesBuildPhase section */
		7353500D221E825C00065E06 /* Resources */ = {
			isa = PBXResourcesBuildPhase;
			buildActionMask = 2147483647;
			files = (
				73535015221E825C00065E06 /* art.scnassets in Resources */,
				7353501F221E825D00065E06 /* LaunchScreen.storyboard in Resources */,
				7353501C221E825D00065E06 /* Assets.xcassets in Resources */,
				7353501A221E825C00065E06 /* Main.storyboard in Resources */,
			);
			runOnlyForDeploymentPostprocessing = 0;
		};
		73535023221E825D00065E06 /* Resources */ = {
			isa = PBXResourcesBuildPhase;
			buildActionMask = 2147483647;
			files = (
			);
			runOnlyForDeploymentPostprocessing = 0;
		};
		7353502E221E825D00065E06 /* Resources */ = {
			isa = PBXResourcesBuildPhase;
			buildActionMask = 2147483647;
			files = (
			);
			runOnlyForDeploymentPostprocessing = 0;
		};
/* End PBXResourcesBuildPhase section */

/* Begin PBXSourcesBuildPhase section */
		7353500B221E825C00065E06 /* Sources */ = {
			isa = PBXSourcesBuildPhase;
			buildActionMask = 2147483647;
			files = (
				73535017221E825C00065E06 /* ViewController.swift in Sources */,
				73CB154C221E984200D28E6E /* ClickCubeNode.swift in Sources */,
				73CB1549221E924F00D28E6E /* ClickCubeSceneManager.swift in Sources */,
				73535013221E825C00065E06 /* AppDelegate.swift in Sources */,
				731CE54F2221606800CAC9E5 /* SCNMaterial+Extensions.swift in Sources */,
				73CB154E221E9ECD00D28E6E /* ClickCubeScene.swift in Sources */,
				7395FD482222A00C005357F2 /* ViewController+Extensions.swift in Sources */,
			);
			runOnlyForDeploymentPostprocessing = 0;
		};
		73535021221E825D00065E06 /* Sources */ = {
			isa = PBXSourcesBuildPhase;
			buildActionMask = 2147483647;
			files = (
				733B156B2222D3280083E5FE /* ClickCubeNodeTests.swift in Sources */,
			);
			runOnlyForDeploymentPostprocessing = 0;
		};
		7353502C221E825D00065E06 /* Sources */ = {
			isa = PBXSourcesBuildPhase;
			buildActionMask = 2147483647;
			files = (
				73535035221E825D00065E06 /* AR_Click_CubesUITests.swift in Sources */,
			);
			runOnlyForDeploymentPostprocessing = 0;
		};
/* End PBXSourcesBuildPhase section */

/* Begin PBXTargetDependency section */
		73535027221E825D00065E06 /* PBXTargetDependency */ = {
			isa = PBXTargetDependency;
			target = 7353500E221E825C00065E06 /* AR Click Cubes */;
			targetProxy = 73535026221E825D00065E06 /* PBXContainerItemProxy */;
		};
		73535032221E825D00065E06 /* PBXTargetDependency */ = {
			isa = PBXTargetDependency;
			target = 7353500E221E825C00065E06 /* AR Click Cubes */;
			targetProxy = 73535031221E825D00065E06 /* PBXContainerItemProxy */;
		};
/* End PBXTargetDependency section */

/* Begin PBXVariantGroup section */
		73535018221E825C00065E06 /* Main.storyboard */ = {
			isa = PBXVariantGroup;
			children = (
				73535019221E825C00065E06 /* Base */,
			);
			name = Main.storyboard;
			sourceTree = "<group>";
		};
		7353501D221E825D00065E06 /* LaunchScreen.storyboard */ = {
			isa = PBXVariantGroup;
			children = (
				7353501E221E825D00065E06 /* Base */,
			);
			name = LaunchScreen.storyboard;
			sourceTree = "<group>";
		};
/* End PBXVariantGroup section */

/* Begin XCBuildConfiguration section */
		73535037221E825D00065E06 /* Debug */ = {
			isa = XCBuildConfiguration;
			buildSettings = {
				ALWAYS_SEARCH_USER_PATHS = NO;
				CLANG_ANALYZER_NONNULL = YES;
				CLANG_ANALYZER_NUMBER_OBJECT_CONVERSION = YES_AGGRESSIVE;
				CLANG_CXX_LANGUAGE_STANDARD = "gnu++14";
				CLANG_CXX_LIBRARY = "libc++";
				CLANG_ENABLE_MODULES = YES;
				CLANG_ENABLE_OBJC_ARC = YES;
				CLANG_ENABLE_OBJC_WEAK = YES;
				CLANG_WARN_BLOCK_CAPTURE_AUTORELEASING = YES;
				CLANG_WARN_BOOL_CONVERSION = YES;
				CLANG_WARN_COMMA = YES;
				CLANG_WARN_CONSTANT_CONVERSION = YES;
				CLANG_WARN_DEPRECATED_OBJC_IMPLEMENTATIONS = YES;
				CLANG_WARN_DIRECT_OBJC_ISA_USAGE = YES_ERROR;
				CLANG_WARN_DOCUMENTATION_COMMENTS = YES;
				CLANG_WARN_EMPTY_BODY = YES;
				CLANG_WARN_ENUM_CONVERSION = YES;
				CLANG_WARN_INFINITE_RECURSION = YES;
				CLANG_WARN_INT_CONVERSION = YES;
				CLANG_WARN_NON_LITERAL_NULL_CONVERSION = YES;
				CLANG_WARN_OBJC_IMPLICIT_RETAIN_SELF = YES;
				CLANG_WARN_OBJC_LITERAL_CONVERSION = YES;
				CLANG_WARN_OBJC_ROOT_CLASS = YES_ERROR;
				CLANG_WARN_RANGE_LOOP_ANALYSIS = YES;
				CLANG_WARN_STRICT_PROTOTYPES = YES;
				CLANG_WARN_SUSPICIOUS_MOVE = YES;
				CLANG_WARN_UNGUARDED_AVAILABILITY = YES_AGGRESSIVE;
				CLANG_WARN_UNREACHABLE_CODE = YES;
				CLANG_WARN__DUPLICATE_METHOD_MATCH = YES;
				CODE_SIGN_IDENTITY = "iPhone Developer";
				COPY_PHASE_STRIP = NO;
				DEBUG_INFORMATION_FORMAT = dwarf;
				ENABLE_STRICT_OBJC_MSGSEND = YES;
				ENABLE_TESTABILITY = YES;
				GCC_C_LANGUAGE_STANDARD = gnu11;
				GCC_DYNAMIC_NO_PIC = NO;
				GCC_NO_COMMON_BLOCKS = YES;
				GCC_OPTIMIZATION_LEVEL = 0;
				GCC_PREPROCESSOR_DEFINITIONS = (
					"DEBUG=1",
					"$(inherited)",
				);
				GCC_WARN_64_TO_32_BIT_CONVERSION = YES;
				GCC_WARN_ABOUT_RETURN_TYPE = YES_ERROR;
				GCC_WARN_UNDECLARED_SELECTOR = YES;
				GCC_WARN_UNINITIALIZED_AUTOS = YES_AGGRESSIVE;
				GCC_WARN_UNUSED_FUNCTION = YES;
				GCC_WARN_UNUSED_VARIABLE = YES;
				IPHONEOS_DEPLOYMENT_TARGET = 12.1;
				MTL_ENABLE_DEBUG_INFO = INCLUDE_SOURCE;
				MTL_FAST_MATH = YES;
				ONLY_ACTIVE_ARCH = YES;
				SDKROOT = iphoneos;
				SWIFT_ACTIVE_COMPILATION_CONDITIONS = DEBUG;
				SWIFT_OPTIMIZATION_LEVEL = "-Onone";
			};
			name = Debug;
		};
		73535038221E825D00065E06 /* Release */ = {
			isa = XCBuildConfiguration;
			buildSettings = {
				ALWAYS_SEARCH_USER_PATHS = NO;
				CLANG_ANALYZER_NONNULL = YES;
				CLANG_ANALYZER_NUMBER_OBJECT_CONVERSION = YES_AGGRESSIVE;
				CLANG_CXX_LANGUAGE_STANDARD = "gnu++14";
				CLANG_CXX_LIBRARY = "libc++";
				CLANG_ENABLE_MODULES = YES;
				CLANG_ENABLE_OBJC_ARC = YES;
				CLANG_ENABLE_OBJC_WEAK = YES;
				CLANG_WARN_BLOCK_CAPTURE_AUTORELEASING = YES;
				CLANG_WARN_BOOL_CONVERSION = YES;
				CLANG_WARN_COMMA = YES;
				CLANG_WARN_CONSTANT_CONVERSION = YES;
				CLANG_WARN_DEPRECATED_OBJC_IMPLEMENTATIONS = YES;
				CLANG_WARN_DIRECT_OBJC_ISA_USAGE = YES_ERROR;
				CLANG_WARN_DOCUMENTATION_COMMENTS = YES;
				CLANG_WARN_EMPTY_BODY = YES;
				CLANG_WARN_ENUM_CONVERSION = YES;
				CLANG_WARN_INFINITE_RECURSION = YES;
				CLANG_WARN_INT_CONVERSION = YES;
				CLANG_WARN_NON_LITERAL_NULL_CONVERSION = YES;
				CLANG_WARN_OBJC_IMPLICIT_RETAIN_SELF = YES;
				CLANG_WARN_OBJC_LITERAL_CONVERSION = YES;
				CLANG_WARN_OBJC_ROOT_CLASS = YES_ERROR;
				CLANG_WARN_RANGE_LOOP_ANALYSIS = YES;
				CLANG_WARN_STRICT_PROTOTYPES = YES;
				CLANG_WARN_SUSPICIOUS_MOVE = YES;
				CLANG_WARN_UNGUARDED_AVAILABILITY = YES_AGGRESSIVE;
				CLANG_WARN_UNREACHABLE_CODE = YES;
				CLANG_WARN__DUPLICATE_METHOD_MATCH = YES;
				CODE_SIGN_IDENTITY = "iPhone Developer";
				COPY_PHASE_STRIP = NO;
				DEBUG_INFORMATION_FORMAT = "dwarf-with-dsym";
				ENABLE_NS_ASSERTIONS = NO;
				ENABLE_STRICT_OBJC_MSGSEND = YES;
				GCC_C_LANGUAGE_STANDARD = gnu11;
				GCC_NO_COMMON_BLOCKS = YES;
				GCC_WARN_64_TO_32_BIT_CONVERSION = YES;
				GCC_WARN_ABOUT_RETURN_TYPE = YES_ERROR;
				GCC_WARN_UNDECLARED_SELECTOR = YES;
				GCC_WARN_UNINITIALIZED_AUTOS = YES_AGGRESSIVE;
				GCC_WARN_UNUSED_FUNCTION = YES;
				GCC_WARN_UNUSED_VARIABLE = YES;
				IPHONEOS_DEPLOYMENT_TARGET = 12.1;
				MTL_ENABLE_DEBUG_INFO = NO;
				MTL_FAST_MATH = YES;
				SDKROOT = iphoneos;
				SWIFT_COMPILATION_MODE = wholemodule;
				SWIFT_OPTIMIZATION_LEVEL = "-O";
				VALIDATE_PRODUCT = YES;
			};
			name = Release;
		};
		7353503A221E825D00065E06 /* Debug */ = {
			isa = XCBuildConfiguration;
			buildSettings = {
				ASSETCATALOG_COMPILER_APPICON_NAME = AppIcon;
				CODE_SIGN_STYLE = Automatic;
				DEVELOPMENT_TEAM = 7R57VS437T;
				INFOPLIST_FILE = "AR Click Cubes/Info.plist";
				LD_RUNPATH_SEARCH_PATHS = (
					"$(inherited)",
					"@executable_path/Frameworks",
				);
				PRODUCT_BUNDLE_IDENTIFIER = "com.inViRtStudios.AR-Click-Cubes";
				PRODUCT_NAME = "$(TARGET_NAME)";
				SWIFT_VERSION = 4.2;
				TARGETED_DEVICE_FAMILY = "1,2";
			};
			name = Debug;
		};
		7353503B221E825D00065E06 /* Release */ = {
			isa = XCBuildConfiguration;
			buildSettings = {
				ASSETCATALOG_COMPILER_APPICON_NAME = AppIcon;
				CODE_SIGN_STYLE = Automatic;
				DEVELOPMENT_TEAM = 7R57VS437T;
				INFOPLIST_FILE = "AR Click Cubes/Info.plist";
				LD_RUNPATH_SEARCH_PATHS = (
					"$(inherited)",
					"@executable_path/Frameworks",
				);
				PRODUCT_BUNDLE_IDENTIFIER = "com.inViRtStudios.AR-Click-Cubes";
				PRODUCT_NAME = "$(TARGET_NAME)";
				SWIFT_VERSION = 4.2;
				TARGETED_DEVICE_FAMILY = "1,2";
			};
			name = Release;
		};
		7353503D221E825D00065E06 /* Debug */ = {
			isa = XCBuildConfiguration;
			buildSettings = {
				ALWAYS_EMBED_SWIFT_STANDARD_LIBRARIES = YES;
				BUNDLE_LOADER = "$(TEST_HOST)";
				CODE_SIGN_STYLE = Automatic;
				DEVELOPMENT_TEAM = 7R57VS437T;
				INFOPLIST_FILE = "AR Click CubesTests/Info.plist";
				LD_RUNPATH_SEARCH_PATHS = (
					"$(inherited)",
					"@executable_path/Frameworks",
					"@loader_path/Frameworks",
				);
				PRODUCT_BUNDLE_IDENTIFIER = "com.inViRtStudios.AR-Click-CubesTests";
				PRODUCT_NAME = "$(TARGET_NAME)";
				SWIFT_VERSION = 4.2;
				TARGETED_DEVICE_FAMILY = "1,2";
				TEST_HOST = "$(BUILT_PRODUCTS_DIR)/AR Click Cubes.app/AR Click Cubes";
			};
			name = Debug;
		};
		7353503E221E825D00065E06 /* Release */ = {
			isa = XCBuildConfiguration;
			buildSettings = {
				ALWAYS_EMBED_SWIFT_STANDARD_LIBRARIES = YES;
				BUNDLE_LOADER = "$(TEST_HOST)";
				CODE_SIGN_STYLE = Automatic;
				DEVELOPMENT_TEAM = 7R57VS437T;
				INFOPLIST_FILE = "AR Click CubesTests/Info.plist";
				LD_RUNPATH_SEARCH_PATHS = (
					"$(inherited)",
					"@executable_path/Frameworks",
					"@loader_path/Frameworks",
				);
				PRODUCT_BUNDLE_IDENTIFIER = "com.inViRtStudios.AR-Click-CubesTests";
				PRODUCT_NAME = "$(TARGET_NAME)";
				SWIFT_VERSION = 4.2;
				TARGETED_DEVICE_FAMILY = "1,2";
				TEST_HOST = "$(BUILT_PRODUCTS_DIR)/AR Click Cubes.app/AR Click Cubes";
			};
			name = Release;
		};
		73535040221E825D00065E06 /* Debug */ = {
			isa = XCBuildConfiguration;
			buildSettings = {
				ALWAYS_EMBED_SWIFT_STANDARD_LIBRARIES = YES;
				CODE_SIGN_STYLE = Automatic;
				DEVELOPMENT_TEAM = 7R57VS437T;
				INFOPLIST_FILE = "AR Click CubesUITests/Info.plist";
				LD_RUNPATH_SEARCH_PATHS = (
					"$(inherited)",
					"@executable_path/Frameworks",
					"@loader_path/Frameworks",
				);
				PRODUCT_BUNDLE_IDENTIFIER = "com.inViRtStudios.AR-Click-CubesUITests";
				PRODUCT_NAME = "$(TARGET_NAME)";
				SWIFT_VERSION = 4.2;
				TARGETED_DEVICE_FAMILY = "1,2";
				TEST_TARGET_NAME = "AR Click Cubes";
			};
			name = Debug;
		};
		73535041221E825D00065E06 /* Release */ = {
			isa = XCBuildConfiguration;
			buildSettings = {
				ALWAYS_EMBED_SWIFT_STANDARD_LIBRARIES = YES;
				CODE_SIGN_STYLE = Automatic;
				DEVELOPMENT_TEAM = 7R57VS437T;
				INFOPLIST_FILE = "AR Click CubesUITests/Info.plist";
				LD_RUNPATH_SEARCH_PATHS = (
					"$(inherited)",
					"@executable_path/Frameworks",
					"@loader_path/Frameworks",
				);
				PRODUCT_BUNDLE_IDENTIFIER = "com.inViRtStudios.AR-Click-CubesUITests";
				PRODUCT_NAME = "$(TARGET_NAME)";
				SWIFT_VERSION = 4.2;
				TARGETED_DEVICE_FAMILY = "1,2";
				TEST_TARGET_NAME = "AR Click Cubes";
			};
			name = Release;
		};
/* End XCBuildConfiguration section */

/* Begin XCConfigurationList section */
		7353500A221E825C00065E06 /* Build configuration list for PBXProject "AR Click Cubes" */ = {
			isa = XCConfigurationList;
			buildConfigurations = (
				73535037221E825D00065E06 /* Debug */,
				73535038221E825D00065E06 /* Release */,
			);
			defaultConfigurationIsVisible = 0;
			defaultConfigurationName = Release;
		};
		73535039221E825D00065E06 /* Build configuration list for PBXNativeTarget "AR Click Cubes" */ = {
			isa = XCConfigurationList;
			buildConfigurations = (
				7353503A221E825D00065E06 /* Debug */,
				7353503B221E825D00065E06 /* Release */,
			);
			defaultConfigurationIsVisible = 0;
			defaultConfigurationName = Release;
		};
		7353503C221E825D00065E06 /* Build configuration list for PBXNativeTarget "AR Click CubesTests" */ = {
			isa = XCConfigurationList;
			buildConfigurations = (
				7353503D221E825D00065E06 /* Debug */,
				7353503E221E825D00065E06 /* Release */,
			);
			defaultConfigurationIsVisible = 0;
			defaultConfigurationName = Release;
		};
		7353503F221E825D00065E06 /* Build configuration list for PBXNativeTarget "AR Click CubesUITests" */ = {
			isa = XCConfigurationList;
			buildConfigurations = (
				73535040221E825D00065E06 /* Debug */,
				73535041221E825D00065E06 /* Release */,
			);
			defaultConfigurationIsVisible = 0;
			defaultConfigurationName = Release;
		};
/* End XCConfigurationList section */
	};
	rootObject = 73535007221E825C00065E06 /* Project object */;
}
